PODS:
  - Cosmos (21.0.0)
  - Popover.OC (2.2)
  - SDWebImage (5.7.3):
    - SDWebImage/Core (= 5.7.3)
  - SDWebImage/Core (5.7.3)

DEPENDENCIES:
  - Cosmos (~> 21.0)
  - Popover.OC
  - SDWebImage (~> 5.0)

SPEC REPOS:
  trunk:
    - Cosmos
    - Popover.OC
    - SDWebImage

SPEC CHECKSUMS:
  Cosmos: 3dfb6e4ba48bd48b8c9aa2a77048ae11ed114f96
  Popover.OC: bfcce8307f77593e1e1d7cf58604077f74e114bc
  SDWebImage: 97351f6582ceca541ea294ba66a1fcb342a331c2

PODFILE CHECKSUM: f8d38ea0d166afb3a79cb1e11ff82b24b9f4285a

COCOAPODS: 1.9.1
